
Microsoft Visual Studio Solution File, Format Version 12.00
# Visual Studio Version 17
VisualStudioVersion = 17.8.34330.188
MinimumVisualStudioVersion = 10.0.40219.1
Project("{FAE04EC0-301F-11D3-BF4B-00C04F79EFBC}") = "MarketUygulamasi", "MarketUygulamasi\MarketUygulamasi.csproj", "{9889D3A0-4B09-4524-8AC2-D12BEE044798}"
EndProject
Global
	GlobalSection(SolutionConfigurationPlatforms) = preSolution
		Debug|Any CPU = Debug|Any CPU
		Release|Any CPU = Release|Any CPU
	EndGlobalSection
	GlobalSection(ProjectConfigurationPlatforms) = postSolution
		{9889D3A0-4B09-4524-8AC2-D12BEE044798}.Debug|Any CPU.ActiveCfg = Debug|Any CPU
		{9889D3A0-4B09-4524-8AC2-D12BEE044798}.Debug|Any CPU.Build.0 = Debug|Any CPU
		{9889D3A0-4B09-4524-8AC2-D12BEE044798}.Release|Any CPU.ActiveCfg = Release|Any CPU
		{9889D3A0-4B09-4524-8AC2-D12BEE044798}.Release|Any CPU.Build.0 = Release|Any CPU
	EndGlobalSection
	GlobalSection(SolutionProperties) = preSolution
		HideSolutionNode = FALSE
	EndGlobalSection
	GlobalSection(ExtensibilityGlobals) = postSolution
		SolutionGuid = {09030185-0AF9-4829-BC62-6BFCA1CBB596}
	EndGlobalSection
EndGlobal
